
Microsoft Visual Studio Solution File, Format Version 12.00
# Visual Studio 14
VisualStudioVersion = 14.0.25420.1
MinimumVisualStudioVersion = 10.0.40219.1
Project("{FAE04EC0-301F-11D3-BF4B-00C04F79EFBC}") = "HelpDesk", "HelpDesk\HelpDesk.csproj", "{03FB7C6F-83AA-4183-B24A-FEA59EA50657}"
EndProject
Project("{FAE04EC0-301F-11D3-BF4B-00C04F79EFBC}") = "ConsoleVerification", "ConsoleVerification\ConsoleVerification.csproj", "{A942DC6C-E46A-4D88-84DC-D8434771A139}"
EndProject
Global
	GlobalSection(SolutionConfigurationPlatforms) = preSolution
		Debug|Any CPU = Debug|Any CPU
		Release|Any CPU = Release|Any CPU
	EndGlobalSection
	GlobalSection(ProjectConfigurationPlatforms) = postSolution
		{03FB7C6F-83AA-4183-B24A-FEA59EA50657}.Debug|Any CPU.ActiveCfg = Debug|Any CPU
		{03FB7C6F-83AA-4183-B24A-FEA59EA50657}.Debug|Any CPU.Build.0 = Debug|Any CPU
		{03FB7C6F-83AA-4183-B24A-FEA59EA50657}.Release|Any CPU.ActiveCfg = Release|Any CPU
		{03FB7C6F-83AA-4183-B24A-FEA59EA50657}.Release|Any CPU.Build.0 = Release|Any CPU
		{A942DC6C-E46A-4D88-84DC-D8434771A139}.Debug|Any CPU.ActiveCfg = Debug|Any CPU
		{A942DC6C-E46A-4D88-84DC-D8434771A139}.Debug|Any CPU.Build.0 = Debug|Any CPU
		{A942DC6C-E46A-4D88-84DC-D8434771A139}.Release|Any CPU.ActiveCfg = Release|Any CPU
		{A942DC6C-E46A-4D88-84DC-D8434771A139}.Release|Any CPU.Build.0 = Release|Any CPU
	EndGlobalSection
	GlobalSection(SolutionProperties) = preSolution
		HideSolutionNode = FALSE
	EndGlobalSection
EndGlobal
